
Microsoft Visual Studio Solution File, Format Version 12.00
# Visual Studio Version 17
VisualStudioVersion = 17.3.32611.2
MinimumVisualStudioVersion = 10.0.40219.1
Project("{FAE04EC0-301F-11D3-BF4B-00C04F79EFBC}") = "BierzPanAuto", "BierzPanAuto.csproj", "{B8B309D1-B503-4535-BA83-9064F6FC7321}"
EndProject
Project("{FAE04EC0-301F-11D3-BF4B-00C04F79EFBC}") = "BierzPanAuto.Tests", "..\BierzPanAuto.Tests\BierzPanAuto.Tests.csproj", "{9FA85990-3028-4A6D-8D20-A045609D1A8B}"
EndProject
Global
	GlobalSection(SolutionConfigurationPlatforms) = preSolution
		Debug|Any CPU = Debug|Any CPU
		Release|Any CPU = Release|Any CPU
	EndGlobalSection
	GlobalSection(ProjectConfigurationPlatforms) = postSolution
		{B8B309D1-B503-4535-BA83-9064F6FC7321}.Debug|Any CPU.ActiveCfg = Debug|Any CPU
		{B8B309D1-B503-4535-BA83-9064F6FC7321}.Debug|Any CPU.Build.0 = Debug|Any CPU
		{B8B309D1-B503-4535-BA83-9064F6FC7321}.Release|Any CPU.ActiveCfg = Release|Any CPU
		{B8B309D1-B503-4535-BA83-9064F6FC7321}.Release|Any CPU.Build.0 = Release|Any CPU
		{9FA85990-3028-4A6D-8D20-A045609D1A8B}.Debug|Any CPU.ActiveCfg = Debug|Any CPU
		{9FA85990-3028-4A6D-8D20-A045609D1A8B}.Debug|Any CPU.Build.0 = Debug|Any CPU
		{9FA85990-3028-4A6D-8D20-A045609D1A8B}.Release|Any CPU.ActiveCfg = Release|Any CPU
		{9FA85990-3028-4A6D-8D20-A045609D1A8B}.Release|Any CPU.Build.0 = Release|Any CPU
	EndGlobalSection
	GlobalSection(SolutionProperties) = preSolution
		HideSolutionNode = FALSE
	EndGlobalSection
	GlobalSection(ExtensibilityGlobals) = postSolution
		SolutionGuid = {8912C3F9-50D2-4C27-9B1D-8578F606680B}
	EndGlobalSection
EndGlobal
